
Microsoft Visual Studio Solution File, Format Version 12.00
# Visual Studio Version 16
VisualStudioVersion = 16.0.29509.3
MinimumVisualStudioVersion = 10.0.40219.1
Project("{8BC9CEB8-8B4A-11D0-8D11-00A0C91BC942}") = "ids", "ids.vcxproj", "{419B7FD6-C3EA-3BAA-BB6E-7670EA3A8F6A}"
EndProject
Global
	GlobalSection(SolutionConfigurationPlatforms) = preSolution
		Debug|x64 = Debug|x64
		Release|x64 = Release|x64
	EndGlobalSection
	GlobalSection(ProjectConfigurationPlatforms) = postSolution
		{419B7FD6-C3EA-3BAA-BB6E-7670EA3A8F6A}.Debug|x64.ActiveCfg = Debug|x64
		{419B7FD6-C3EA-3BAA-BB6E-7670EA3A8F6A}.Debug|x64.Build.0 = Debug|x64
		{419B7FD6-C3EA-3BAA-BB6E-7670EA3A8F6A}.Release|x64.ActiveCfg = Release|x64
		{419B7FD6-C3EA-3BAA-BB6E-7670EA3A8F6A}.Release|x64.Build.0 = Release|x64
	EndGlobalSection
	GlobalSection(SolutionProperties) = preSolution
		HideSolutionNode = FALSE
	EndGlobalSection
	GlobalSection(ExtensibilityGlobals) = postSolution
		SolutionGuid = {0AF2978C-9EFD-45BA-9810-0DFD98A9AFCA}
	EndGlobalSection
EndGlobal
